
Microsoft Visual Studio Solution File, Format Version 12.00
# Visual Studio Version 17
VisualStudioVersion = 17.3.32804.467
MinimumVisualStudioVersion = 10.0.40219.1
Project("{9A19103F-16F7-4668-BE54-9A1E7A4F7556}") = "WebApiLab", "WebApiLab\WebApiLab.csproj", "{30AA6CBB-40FD-43F3-A889-6DA6D996979D}"
EndProject
Project("{2150E333-8FDC-42A3-9474-1A3956D46DE8}") = "MobileApp", "MobileApp", "{6EB84526-9064-4283-A560-2BFE1967912C}"
EndProject
Project("{2150E333-8FDC-42A3-9474-1A3956D46DE8}") = "Common", "Common", "{934806EF-74A0-4036-BB49-1576331F4DB9}"
EndProject
Project("{2150E333-8FDC-42A3-9474-1A3956D46DE8}") = "WebApi", "WebApi", "{22C2F4EE-B94D-48BA-8B02-C1793755E2BD}"
EndProject
Project("{9A19103F-16F7-4668-BE54-9A1E7A4F7556}") = "CommonClass", "Common\CommonClass.csproj", "{898BAC32-84BA-44A2-B233-F9D93D678CE8}"
EndProject
Project("{FAE04EC0-301F-11D3-BF4B-00C04F79EFBC}") = "MobileAppLab", "MobileAppLab\MobileAppLab\MobileAppLab.csproj", "{3B8DEA77-1C34-41BD-AAA1-13200F9ED3AA}"
EndProject
Project("{FAE04EC0-301F-11D3-BF4B-00C04F79EFBC}") = "MobileAppLab.Android", "MobileAppLab\MobileAppLab.Android\MobileAppLab.Android.csproj", "{63FC5EFB-1458-4727-95D0-447DF4F28F96}"
EndProject
Project("{FAE04EC0-301F-11D3-BF4B-00C04F79EFBC}") = "MobileAppLab.iOS", "MobileAppLab\MobileAppLab.iOS\MobileAppLab.iOS.csproj", "{0D1E2B7A-9D06-4DFD-A659-EB91D62B013C}"
EndProject
Global
	GlobalSection(SolutionConfigurationPlatforms) = preSolution
		Ad-Hoc|Any CPU = Ad-Hoc|Any CPU
		Ad-Hoc|iPhone = Ad-Hoc|iPhone
		Ad-Hoc|iPhoneSimulator = Ad-Hoc|iPhoneSimulator
		AppStore|Any CPU = AppStore|Any CPU
		AppStore|iPhone = AppStore|iPhone
		AppStore|iPhoneSimulator = AppStore|iPhoneSimulator
		Debug|Any CPU = Debug|Any CPU
		Debug|iPhone = Debug|iPhone
		Debug|iPhoneSimulator = Debug|iPhoneSimulator
		Release|Any CPU = Release|Any CPU
		Release|iPhone = Release|iPhone
		Release|iPhoneSimulator = Release|iPhoneSimulator
	EndGlobalSection
	GlobalSection(ProjectConfigurationPlatforms) = postSolution
		{30AA6CBB-40FD-43F3-A889-6DA6D996979D}.Ad-Hoc|Any CPU.ActiveCfg = Release|Any CPU
		{30AA6CBB-40FD-43F3-A889-6DA6D996979D}.Ad-Hoc|Any CPU.Build.0 = Release|Any CPU
		{30AA6CBB-40FD-43F3-A889-6DA6D996979D}.Ad-Hoc|iPhone.ActiveCfg = Release|Any CPU
		{30AA6CBB-40FD-43F3-A889-6DA6D996979D}.Ad-Hoc|iPhone.Build.0 = Release|Any CPU
		{30AA6CBB-40FD-43F3-A889-6DA6D996979D}.Ad-Hoc|iPhoneSimulator.ActiveCfg = Release|Any CPU
		{30AA6CBB-40FD-43F3-A889-6DA6D996979D}.Ad-Hoc|iPhoneSimulator.Build.0 = Release|Any CPU
		{30AA6CBB-40FD-43F3-A889-6DA6D996979D}.AppStore|Any CPU.ActiveCfg = Release|Any CPU
		{30AA6CBB-40FD-43F3-A889-6DA6D996979D}.AppStore|Any CPU.Build.0 = Release|Any CPU
		{30AA6CBB-40FD-43F3-A889-6DA6D996979D}.AppStore|iPhone.ActiveCfg = Release|Any CPU
		{30AA6CBB-40FD-43F3-A889-6DA6D996979D}.AppStore|iPhone.Build.0 = Release|Any CPU
		{30AA6CBB-40FD-43F3-A889-6DA6D996979D}.AppStore|iPhoneSimulator.ActiveCfg = Release|Any CPU
		{30AA6CBB-40FD-43F3-A889-6DA6D996979D}.AppStore|iPhoneSimulator.Build.0 = Release|Any CPU
		{30AA6CBB-40FD-43F3-A889-6DA6D996979D}.Debug|Any CPU.ActiveCfg = Debug|Any CPU
		{30AA6CBB-40FD-43F3-A889-6DA6D996979D}.Debug|Any CPU.Build.0 = Debug|Any CPU
		{30AA6CBB-40FD-43F3-A889-6DA6D996979D}.Debug|iPhone.ActiveCfg = Debug|Any CPU
		{30AA6CBB-40FD-43F3-A889-6DA6D996979D}.Debug|iPhone.Build.0 = Debug|Any CPU
		{30AA6CBB-40FD-43F3-A889-6DA6D996979D}.Debug|iPhoneSimulator.ActiveCfg = Debug|Any CPU
		{30AA6CBB-40FD-43F3-A889-6DA6D996979D}.Debug|iPhoneSimulator.Build.0 = Debug|Any CPU
		{30AA6CBB-40FD-43F3-A889-6DA6D996979D}.Release|Any CPU.ActiveCfg = Release|Any CPU
		{30AA6CBB-40FD-43F3-A889-6DA6D996979D}.Release|Any CPU.Build.0 = Release|Any CPU
		{30AA6CBB-40FD-43F3-A889-6DA6D996979D}.Release|iPhone.ActiveCfg = Release|Any CPU
		{30AA6CBB-40FD-43F3-A889-6DA6D996979D}.Release|iPhone.Build.0 = Release|Any CPU
		{30AA6CBB-40FD-43F3-A889-6DA6D996979D}.Release|iPhoneSimulator.ActiveCfg = Release|Any CPU
		{30AA6CBB-40FD-43F3-A889-6DA6D996979D}.Release|iPhoneSimulator.Build.0 = Release|Any CPU
		{898BAC32-84BA-44A2-B233-F9D93D678CE8}.Ad-Hoc|Any CPU.ActiveCfg = Debug|Any CPU
		{898BAC32-84BA-44A2-B233-F9D93D678CE8}.Ad-Hoc|Any CPU.Build.0 = Debug|Any CPU
		{898BAC32-84BA-44A2-B233-F9D93D678CE8}.Ad-Hoc|iPhone.ActiveCfg = Debug|Any CPU
		{898BAC32-84BA-44A2-B233-F9D93D678CE8}.Ad-Hoc|iPhone.Build.0 = Debug|Any CPU
		{898BAC32-84BA-44A2-B233-F9D93D678CE8}.Ad-Hoc|iPhoneSimulator.ActiveCfg = Debug|Any CPU
		{898BAC32-84BA-44A2-B233-F9D93D678CE8}.Ad-Hoc|iPhoneSimulator.Build.0 = Debug|Any CPU
		{898BAC32-84BA-44A2-B233-F9D93D678CE8}.AppStore|Any CPU.ActiveCfg = Debug|Any CPU
		{898BAC32-84BA-44A2-B233-F9D93D678CE8}.AppStore|Any CPU.Build.0 = Debug|Any CPU
		{898BAC32-84BA-44A2-B233-F9D93D678CE8}.AppStore|iPhone.ActiveCfg = Debug|Any CPU
		{898BAC32-84BA-44A2-B233-F9D93D678CE8}.AppStore|iPhone.Build.0 = Debug|Any CPU
		{898BAC32-84BA-44A2-B233-F9D93D678CE8}.AppStore|iPhoneSimulator.ActiveCfg = Debug|Any CPU
		{898BAC32-84BA-44A2-B233-F9D93D678CE8}.AppStore|iPhoneSimulator.Build.0 = Debug|Any CPU
		{898BAC32-84BA-44A2-B233-F9D93D678CE8}.Debug|Any CPU.ActiveCfg = Debug|Any CPU
		{898BAC32-84BA-44A2-B233-F9D93D678CE8}.Debug|Any CPU.Build.0 = Debug|Any CPU
		{898BAC32-84BA-44A2-B233-F9D93D678CE8}.Debug|iPhone.ActiveCfg = Debug|Any CPU
		{898BAC32-84BA-44A2-B233-F9D93D678CE8}.Debug|iPhone.Build.0 = Debug|Any CPU
		{898BAC32-84BA-44A2-B233-F9D93D678CE8}.Debug|iPhoneSimulator.ActiveCfg = Debug|Any CPU
		{898BAC32-84BA-44A2-B233-F9D93D678CE8}.Debug|iPhoneSimulator.Build.0 = Debug|Any CPU
		{898BAC32-84BA-44A2-B233-F9D93D678CE8}.Release|Any CPU.ActiveCfg = Release|Any CPU
		{898BAC32-84BA-44A2-B233-F9D93D678CE8}.Release|Any CPU.Build.0 = Release|Any CPU
		{898BAC32-84BA-44A2-B233-F9D93D678CE8}.Release|iPhone.ActiveCfg = Release|Any CPU
		{898BAC32-84BA-44A2-B233-F9D93D678CE8}.Release|iPhone.Build.0 = Release|Any CPU
		{898BAC32-84BA-44A2-B233-F9D93D678CE8}.Release|iPhoneSimulator.ActiveCfg = Release|Any CPU
		{898BAC32-84BA-44A2-B233-F9D93D678CE8}.Release|iPhoneSimulator.Build.0 = Release|Any CPU
		{3B8DEA77-1C34-41BD-AAA1-13200F9ED3AA}.Ad-Hoc|Any CPU.ActiveCfg = Debug|Any CPU
		{3B8DEA77-1C34-41BD-AAA1-13200F9ED3AA}.Ad-Hoc|Any CPU.Build.0 = Debug|Any CPU
		{3B8DEA77-1C34-41BD-AAA1-13200F9ED3AA}.Ad-Hoc|iPhone.ActiveCfg = Debug|Any CPU
		{3B8DEA77-1C34-41BD-AAA1-13200F9ED3AA}.Ad-Hoc|iPhone.Build.0 = Debug|Any CPU
		{3B8DEA77-1C34-41BD-AAA1-13200F9ED3AA}.Ad-Hoc|iPhoneSimulator.ActiveCfg = Debug|Any CPU
		{3B8DEA77-1C34-41BD-AAA1-13200F9ED3AA}.Ad-Hoc|iPhoneSimulator.Build.0 = Debug|Any CPU
		{3B8DEA77-1C34-41BD-AAA1-13200F9ED3AA}.AppStore|Any CPU.ActiveCfg = Debug|Any CPU
		{3B8DEA77-1C34-41BD-AAA1-13200F9ED3AA}.AppStore|Any CPU.Build.0 = Debug|Any CPU
		{3B8DEA77-1C34-41BD-AAA1-13200F9ED3AA}.AppStore|iPhone.ActiveCfg = Debug|Any CPU
		{3B8DEA77-1C34-41BD-AAA1-13200F9ED3AA}.AppStore|iPhone.Build.0 = Debug|Any CPU
		{3B8DEA77-1C34-41BD-AAA1-13200F9ED3AA}.AppStore|iPhoneSimulator.ActiveCfg = Debug|Any CPU
		{3B8DEA77-1C34-41BD-AAA1-13200F9ED3AA}.AppStore|iPhoneSimulator.Build.0 = Debug|Any CPU
		{3B8DEA77-1C34-41BD-AAA1-13200F9ED3AA}.Debug|Any CPU.ActiveCfg = Debug|Any CPU
		{3B8DEA77-1C34-41BD-AAA1-13200F9ED3AA}.Debug|Any CPU.Build.0 = Debug|Any CPU
		{3B8DEA77-1C34-41BD-AAA1-13200F9ED3AA}.Debug|iPhone.ActiveCfg = Debug|Any CPU
		{3B8DEA77-1C34-41BD-AAA1-13200F9ED3AA}.Debug|iPhone.Build.0 = Debug|Any CPU
		{3B8DEA77-1C34-41BD-AAA1-13200F9ED3AA}.Debug|iPhoneSimulator.ActiveCfg = Debug|Any CPU
		{3B8DEA77-1C34-41BD-AAA1-13200F9ED3AA}.Debug|iPhoneSimulator.Build.0 = Debug|Any CPU
		{3B8DEA77-1C34-41BD-AAA1-13200F9ED3AA}.Release|Any CPU.ActiveCfg = Release|Any CPU
		{3B8DEA77-1C34-41BD-AAA1-13200F9ED3AA}.Release|Any CPU.Build.0 = Release|Any CPU
		{3B8DEA77-1C34-41BD-AAA1-13200F9ED3AA}.Release|iPhone.ActiveCfg = Release|Any CPU
		{3B8DEA77-1C34-41BD-AAA1-13200F9ED3AA}.Release|iPhone.Build.0 = Release|Any CPU
		{3B8DEA77-1C34-41BD-AAA1-13200F9ED3AA}.Release|iPhoneSimulator.ActiveCfg = Release|Any CPU
		{3B8DEA77-1C34-41BD-AAA1-13200F9ED3AA}.Release|iPhoneSimulator.Build.0 = Release|Any CPU
		{63FC5EFB-1458-4727-95D0-447DF4F28F96}.Ad-Hoc|Any CPU.ActiveCfg = Debug|Any CPU
		{63FC5EFB-1458-4727-95D0-447DF4F28F96}.Ad-Hoc|Any CPU.Build.0 = Debug|Any CPU
		{63FC5EFB-1458-4727-95D0-447DF4F28F96}.Ad-Hoc|Any CPU.Deploy.0 = Debug|Any CPU
		{63FC5EFB-1458-4727-95D0-447DF4F28F96}.Ad-Hoc|iPhone.ActiveCfg = Debug|Any CPU
		{63FC5EFB-1458-4727-95D0-447DF4F28F96}.Ad-Hoc|iPhone.Build.0 = Debug|Any CPU
		{63FC5EFB-1458-4727-95D0-447DF4F28F96}.Ad-Hoc|iPhone.Deploy.0 = Debug|Any CPU
		{63FC5EFB-1458-4727-95D0-447DF4F28F96}.Ad-Hoc|iPhoneSimulator.ActiveCfg = Debug|Any CPU
		{63FC5EFB-1458-4727-95D0-447DF4F28F96}.Ad-Hoc|iPhoneSimulator.Build.0 = Debug|Any CPU
		{63FC5EFB-1458-4727-95D0-447DF4F28F96}.Ad-Hoc|iPhoneSimulator.Deploy.0 = Debug|Any CPU
		{63FC5EFB-1458-4727-95D0-447DF4F28F96}.AppStore|Any CPU.ActiveCfg = Debug|Any CPU
		{63FC5EFB-1458-4727-95D0-447DF4F28F96}.AppStore|Any CPU.Build.0 = Debug|Any CPU
		{63FC5EFB-1458-4727-95D0-447DF4F28F96}.AppStore|Any CPU.Deploy.0 = Debug|Any CPU
		{63FC5EFB-1458-4727-95D0-447DF4F28F96}.AppStore|iPhone.ActiveCfg = Debug|Any CPU
		{63FC5EFB-1458-4727-95D0-447DF4F28F96}.AppStore|iPhone.Build.0 = Debug|Any CPU
		{63FC5EFB-1458-4727-95D0-447DF4F28F96}.AppStore|iPhone.Deploy.0 = Debug|Any CPU
		{63FC5EFB-1458-4727-95D0-447DF4F28F96}.AppStore|iPhoneSimulator.ActiveCfg = Debug|Any CPU
		{63FC5EFB-1458-4727-95D0-447DF4F28F96}.AppStore|iPhoneSimulator.Build.0 = Debug|Any CPU
		{63FC5EFB-1458-4727-95D0-447DF4F28F96}.AppStore|iPhoneSimulator.Deploy.0 = Debug|Any CPU
		{63FC5EFB-1458-4727-95D0-447DF4F28F96}.Debug|Any CPU.ActiveCfg = Debug|Any CPU
		{63FC5EFB-1458-4727-95D0-447DF4F28F96}.Debug|Any CPU.Build.0 = Debug|Any CPU
		{63FC5EFB-1458-4727-95D0-447DF4F28F96}.Debug|Any CPU.Deploy.0 = Debug|Any CPU
		{63FC5EFB-1458-4727-95D0-447DF4F28F96}.Debug|iPhone.ActiveCfg = Debug|Any CPU
		{63FC5EFB-1458-4727-95D0-447DF4F28F96}.Debug|iPhone.Build.0 = Debug|Any CPU
		{63FC5EFB-1458-4727-95D0-447DF4F28F96}.Debug|iPhone.Deploy.0 = Debug|Any CPU
		{63FC5EFB-1458-4727-95D0-447DF4F28F96}.Debug|iPhoneSimulator.ActiveCfg = Debug|Any CPU
		{63FC5EFB-1458-4727-95D0-447DF4F28F96}.Debug|iPhoneSimulator.Build.0 = Debug|Any CPU
		{63FC5EFB-1458-4727-95D0-447DF4F28F96}.Debug|iPhoneSimulator.Deploy.0 = Debug|Any CPU
		{63FC5EFB-1458-4727-95D0-447DF4F28F96}.Release|Any CPU.ActiveCfg = Release|Any CPU
		{63FC5EFB-1458-4727-95D0-447DF4F28F96}.Release|Any CPU.Build.0 = Release|Any CPU
		{63FC5EFB-1458-4727-95D0-447DF4F28F96}.Release|Any CPU.Deploy.0 = Release|Any CPU
		{63FC5EFB-1458-4727-95D0-447DF4F28F96}.Release|iPhone.ActiveCfg = Release|Any CPU
		{63FC5EFB-1458-4727-95D0-447DF4F28F96}.Release|iPhone.Build.0 = Release|Any CPU
		{63FC5EFB-1458-4727-95D0-447DF4F28F96}.Release|iPhone.Deploy.0 = Release|Any CPU
		{63FC5EFB-1458-4727-95D0-447DF4F28F96}.Release|iPhoneSimulator.ActiveCfg = Release|Any CPU
		{63FC5EFB-1458-4727-95D0-447DF4F28F96}.Release|iPhoneSimulator.Build.0 = Release|Any CPU
		{63FC5EFB-1458-4727-95D0-447DF4F28F96}.Release|iPhoneSimulator.Deploy.0 = Release|Any CPU
		{0D1E2B7A-9D06-4DFD-A659-EB91D62B013C}.Ad-Hoc|Any CPU.ActiveCfg = Ad-Hoc|iPhoneSimulator
		{0D1E2B7A-9D06-4DFD-A659-EB91D62B013C}.Ad-Hoc|Any CPU.Build.0 = Ad-Hoc|iPhoneSimulator
		{0D1E2B7A-9D06-4DFD-A659-EB91D62B013C}.Ad-Hoc|iPhone.ActiveCfg = Ad-Hoc|iPhone
		{0D1E2B7A-9D06-4DFD-A659-EB91D62B013C}.Ad-Hoc|iPhone.Build.0 = Ad-Hoc|iPhone
		{0D1E2B7A-9D06-4DFD-A659-EB91D62B013C}.Ad-Hoc|iPhoneSimulator.ActiveCfg = Ad-Hoc|iPhoneSimulator
		{0D1E2B7A-9D06-4DFD-A659-EB91D62B013C}.Ad-Hoc|iPhoneSimulator.Build.0 = Ad-Hoc|iPhoneSimulator
		{0D1E2B7A-9D06-4DFD-A659-EB91D62B013C}.AppStore|Any CPU.ActiveCfg = AppStore|iPhoneSimulator
		{0D1E2B7A-9D06-4DFD-A659-EB91D62B013C}.AppStore|Any CPU.Build.0 = AppStore|iPhoneSimulator
		{0D1E2B7A-9D06-4DFD-A659-EB91D62B013C}.AppStore|iPhone.ActiveCfg = AppStore|iPhone
		{0D1E2B7A-9D06-4DFD-A659-EB91D62B013C}.AppStore|iPhone.Build.0 = AppStore|iPhone
		{0D1E2B7A-9D06-4DFD-A659-EB91D62B013C}.AppStore|iPhoneSimulator.ActiveCfg = AppStore|iPhoneSimulator
		{0D1E2B7A-9D06-4DFD-A659-EB91D62B013C}.AppStore|iPhoneSimulator.Build.0 = AppStore|iPhoneSimulator
		{0D1E2B7A-9D06-4DFD-A659-EB91D62B013C}.Debug|Any CPU.ActiveCfg = Debug|iPhoneSimulator
		{0D1E2B7A-9D06-4DFD-A659-EB91D62B013C}.Debug|Any CPU.Build.0 = Debug|iPhoneSimulator
		{0D1E2B7A-9D06-4DFD-A659-EB91D62B013C}.Debug|iPhone.ActiveCfg = Debug|iPhone
		{0D1E2B7A-9D06-4DFD-A659-EB91D62B013C}.Debug|iPhone.Build.0 = Debug|iPhone
		{0D1E2B7A-9D06-4DFD-A659-EB91D62B013C}.Debug|iPhoneSimulator.ActiveCfg = Debug|iPhoneSimulator
		{0D1E2B7A-9D06-4DFD-A659-EB91D62B013C}.Debug|iPhoneSimulator.Build.0 = Debug|iPhoneSimulator
		{0D1E2B7A-9D06-4DFD-A659-EB91D62B013C}.Release|Any CPU.ActiveCfg = Release|iPhoneSimulator
		{0D1E2B7A-9D06-4DFD-A659-EB91D62B013C}.Release|Any CPU.Build.0 = Release|iPhoneSimulator
		{0D1E2B7A-9D06-4DFD-A659-EB91D62B013C}.Release|iPhone.ActiveCfg = Release|iPhone
		{0D1E2B7A-9D06-4DFD-A659-EB91D62B013C}.Release|iPhone.Build.0 = Release|iPhone
		{0D1E2B7A-9D06-4DFD-A659-EB91D62B013C}.Release|iPhoneSimulator.ActiveCfg = Release|iPhoneSimulator
		{0D1E2B7A-9D06-4DFD-A659-EB91D62B013C}.Release|iPhoneSimulator.Build.0 = Release|iPhoneSimulator
	EndGlobalSection
	GlobalSection(SolutionProperties) = preSolution
		HideSolutionNode = FALSE
	EndGlobalSection
	GlobalSection(NestedProjects) = preSolution
		{30AA6CBB-40FD-43F3-A889-6DA6D996979D} = {22C2F4EE-B94D-48BA-8B02-C1793755E2BD}
		{898BAC32-84BA-44A2-B233-F9D93D678CE8} = {934806EF-74A0-4036-BB49-1576331F4DB9}
		{3B8DEA77-1C34-41BD-AAA1-13200F9ED3AA} = {6EB84526-9064-4283-A560-2BFE1967912C}
		{63FC5EFB-1458-4727-95D0-447DF4F28F96} = {6EB84526-9064-4283-A560-2BFE1967912C}
		{0D1E2B7A-9D06-4DFD-A659-EB91D62B013C} = {6EB84526-9064-4283-A560-2BFE1967912C}
	EndGlobalSection
	GlobalSection(ExtensibilityGlobals) = postSolution
		SolutionGuid = {01FB73FF-843C-46CD-935B-AA463D342ACF}
	EndGlobalSection
EndGlobal
